// !$*UTF8*$!
{
	archiveVersion = 1;
	classes = {
	};
	objectVersion = 46;
	objects = {

/* Begin PBXBuildFile section */
		D00B295B17B15DB90094AD3A /* navbar@2x.png in Resources */ = {isa = PBXBuildFile; fileRef = D00B295A17B15DB90094AD3A /* navbar@2x.png */; };
		D00B296117B15FC80094AD3A /* newsCell.m in Sources */ = {isa = PBXBuildFile; fileRef = D00B296017B15FC80094AD3A /* newsCell.m */; };
		D00B296417B15FD70094AD3A /* netra.m in Sources */ = {isa = PBXBuildFile; fileRef = D00B296317B15FD70094AD3A /* netra.m */; };
		D01BDD2B17AA1D76005396AF /* UIKit.framework in Frameworks */ = {isa = PBXBuildFile; fileRef = D01BDD2A17AA1D76005396AF /* UIKit.framework */; };
		D01BDD2D17AA1D76005396AF /* Foundation.framework in Frameworks */ = {isa = PBXBuildFile; fileRef = D01BDD2C17AA1D76005396AF /* Foundation.framework */; };
		D01BDD2F17AA1D76005396AF /* CoreGraphics.framework in Frameworks */ = {isa = PBXBuildFile; fileRef = D01BDD2E17AA1D76005396AF /* CoreGraphics.framework */; };
		D01BDD3517AA1D76005396AF /* InfoPlist.strings in Resources */ = {isa = PBXBuildFile; fileRef = D01BDD3317AA1D76005396AF /* InfoPlist.strings */; };
		D01BDD3717AA1D76005396AF /* main.m in Sources */ = {isa = PBXBuildFile; fileRef = D01BDD3617AA1D76005396AF /* main.m */; };
		D01BDD3B17AA1D76005396AF /* netraAppDelegate.m in Sources */ = {isa = PBXBuildFile; fileRef = D01BDD3A17AA1D76005396AF /* netraAppDelegate.m */; };
		D01BDD3D17AA1D76005396AF /* Default.png in Resources */ = {isa = PBXBuildFile; fileRef = D01BDD3C17AA1D76005396AF /* Default.png */; };
		D01BDD3F17AA1D76005396AF /* Default@2x.png in Resources */ = {isa = PBXBuildFile; fileRef = D01BDD3E17AA1D76005396AF /* Default@2x.png */; };
		D01BDD4117AA1D76005396AF /* Default-568h@2x.png in Resources */ = {isa = PBXBuildFile; fileRef = D01BDD4017AA1D76005396AF /* Default-568h@2x.png */; };
		D01BDD4817AA1F5F005396AF /* .gitignore in Resources */ = {isa = PBXBuildFile; fileRef = D01BDD4717AA1F5F005396AF /* .gitignore */; };
		D01BDD5E17AA23E2005396AF /* AFHTTPClient.m in Sources */ = {isa = PBXBuildFile; fileRef = D01BDD4C17AA23E2005396AF /* AFHTTPClient.m */; };
		D01BDD5F17AA23E2005396AF /* AFHTTPRequestOperation.m in Sources */ = {isa = PBXBuildFile; fileRef = D01BDD4E17AA23E2005396AF /* AFHTTPRequestOperation.m */; };
		D01BDD6017AA23E2005396AF /* AFImageRequestOperation.m in Sources */ = {isa = PBXBuildFile; fileRef = D01BDD5017AA23E2005396AF /* AFImageRequestOperation.m */; };
		D01BDD6117AA23E2005396AF /* AFJSONRequestOperation.m in Sources */ = {isa = PBXBuildFile; fileRef = D01BDD5217AA23E2005396AF /* AFJSONRequestOperation.m */; };
		D01BDD6217AA23E2005396AF /* AFNetworkActivityIndicatorManager.m in Sources */ = {isa = PBXBuildFile; fileRef = D01BDD5417AA23E2005396AF /* AFNetworkActivityIndicatorManager.m */; };
		D01BDD6317AA23E2005396AF /* AFPropertyListRequestOperation.m in Sources */ = {isa = PBXBuildFile; fileRef = D01BDD5717AA23E2005396AF /* AFPropertyListRequestOperation.m */; };
		D01BDD6417AA23E2005396AF /* AFURLConnectionOperation.m in Sources */ = {isa = PBXBuildFile; fileRef = D01BDD5917AA23E2005396AF /* AFURLConnectionOperation.m */; };
		D01BDD6517AA23E2005396AF /* AFXMLRequestOperation.m in Sources */ = {isa = PBXBuildFile; fileRef = D01BDD5B17AA23E2005396AF /* AFXMLRequestOperation.m */; };
		D01BDD6617AA23E2005396AF /* UIImageView+AFNetworking.m in Sources */ = {isa = PBXBuildFile; fileRef = D01BDD5D17AA23E2005396AF /* UIImageView+AFNetworking.m */; };
		D01BDD6817AAAFDD005396AF /* Security.framework in Frameworks */ = {isa = PBXBuildFile; fileRef = D01BDD6717AAAFDD005396AF /* Security.framework */; };
		D0ED98C017AE182200198DE3 /* NetraJsonClient.m in Sources */ = {isa = PBXBuildFile; fileRef = D0ED98BF17AE182200198DE3 /* NetraJsonClient.m */; };
		D0ED98C317AE1FE100198DE3 /* JsonObject.m in Sources */ = {isa = PBXBuildFile; fileRef = D0ED98C217AE1FE100198DE3 /* JsonObject.m */; };
		D0F48ADC17B15285006D6999 /* MagicalImportFunctions.m in Sources */ = {isa = PBXBuildFile; fileRef = D0F48A9E17B15285006D6999 /* MagicalImportFunctions.m */; };
		D0F48ADD17B15285006D6999 /* NSAttributeDescription+MagicalDataImport.m in Sources */ = {isa = PBXBuildFile; fileRef = D0F48AA017B15285006D6999 /* NSAttributeDescription+MagicalDataImport.m */; };
		D0F48ADE17B15285006D6999 /* NSEntityDescription+MagicalDataImport.m in Sources */ = {isa = PBXBuildFile; fileRef = D0F48AA217B15285006D6999 /* NSEntityDescription+MagicalDataImport.m */; };
		D0F48ADF17B15285006D6999 /* NSNumber+MagicalDataImport.m in Sources */ = {isa = PBXBuildFile; fileRef = D0F48AA417B15285006D6999 /* NSNumber+MagicalDataImport.m */; };
		D0F48AE017B15285006D6999 /* NSObject+MagicalDataImport.m in Sources */ = {isa = PBXBuildFile; fileRef = D0F48AA617B15285006D6999 /* NSObject+MagicalDataImport.m */; };
		D0F48AE117B15285006D6999 /* NSRelationshipDescription+MagicalDataImport.m in Sources */ = {isa = PBXBuildFile; fileRef = D0F48AA817B15285006D6999 /* NSRelationshipDescription+MagicalDataImport.m */; };
		D0F48AE217B15285006D6999 /* NSString+MagicalDataImport.m in Sources */ = {isa = PBXBuildFile; fileRef = D0F48AAA17B15285006D6999 /* NSString+MagicalDataImport.m */; };
		D0F48AE317B15285006D6999 /* NSManagedObject+MagicalAggregation.m in Sources */ = {isa = PBXBuildFile; fileRef = D0F48AAD17B15285006D6999 /* NSManagedObject+MagicalAggregation.m */; };
		D0F48AE417B15285006D6999 /* NSManagedObject+MagicalDataImport.m in Sources */ = {isa = PBXBuildFile; fileRef = D0F48AAF17B15285006D6999 /* NSManagedObject+MagicalDataImport.m */; };
		D0F48AE517B15285006D6999 /* NSManagedObject+MagicalFinders.m in Sources */ = {isa = PBXBuildFile; fileRef = D0F48AB117B15285006D6999 /* NSManagedObject+MagicalFinders.m */; };
		D0F48AE617B15285006D6999 /* NSManagedObject+MagicalRecord.m in Sources */ = {isa = PBXBuildFile; fileRef = D0F48AB317B15285006D6999 /* NSManagedObject+MagicalRecord.m */; };
		D0F48AE717B15285006D6999 /* NSManagedObject+MagicalRequests.m in Sources */ = {isa = PBXBuildFile; fileRef = D0F48AB517B15285006D6999 /* NSManagedObject+MagicalRequests.m */; };
		D0F48AE817B15285006D6999 /* NSManagedObjectContext+MagicalObserving.m in Sources */ = {isa = PBXBuildFile; fileRef = D0F48AB817B15285006D6999 /* NSManagedObjectContext+MagicalObserving.m */; };
		D0F48AE917B15285006D6999 /* NSManagedObjectContext+MagicalRecord.m in Sources */ = {isa = PBXBuildFile; fileRef = D0F48ABA17B15285006D6999 /* NSManagedObjectContext+MagicalRecord.m */; };
		D0F48AEA17B15285006D6999 /* NSManagedObjectContext+MagicalSaves.m in Sources */ = {isa = PBXBuildFile; fileRef = D0F48ABC17B15285006D6999 /* NSManagedObjectContext+MagicalSaves.m */; };
		D0F48AEB17B15285006D6999 /* NSManagedObjectContext+MagicalThreading.m in Sources */ = {isa = PBXBuildFile; fileRef = D0F48ABE17B15285006D6999 /* NSManagedObjectContext+MagicalThreading.m */; };
		D0F48AEC17B15285006D6999 /* NSManagedObjectModel+MagicalRecord.m in Sources */ = {isa = PBXBuildFile; fileRef = D0F48AC017B15285006D6999 /* NSManagedObjectModel+MagicalRecord.m */; };
		D0F48AED17B15285006D6999 /* NSPersistentStore+MagicalRecord.m in Sources */ = {isa = PBXBuildFile; fileRef = D0F48AC217B15285006D6999 /* NSPersistentStore+MagicalRecord.m */; };
		D0F48AEE17B15285006D6999 /* NSPersistentStoreCoordinator+MagicalRecord.m in Sources */ = {isa = PBXBuildFile; fileRef = D0F48AC417B15285006D6999 /* NSPersistentStoreCoordinator+MagicalRecord.m */; };
		D0F48AEF17B15285006D6999 /* MagicalRecord+Actions.m in Sources */ = {isa = PBXBuildFile; fileRef = D0F48AC717B15285006D6999 /* MagicalRecord+Actions.m */; };
		D0F48AF017B15285006D6999 /* MagicalRecord+ErrorHandling.m in Sources */ = {isa = PBXBuildFile; fileRef = D0F48AC917B15285006D6999 /* MagicalRecord+ErrorHandling.m */; };
		D0F48AF117B15285006D6999 /* MagicalRecord+iCloud.m in Sources */ = {isa = PBXBuildFile; fileRef = D0F48ACB17B15285006D6999 /* MagicalRecord+iCloud.m */; };
		D0F48AF217B15285006D6999 /* MagicalRecord+Options.m in Sources */ = {isa = PBXBuildFile; fileRef = D0F48ACD17B15285006D6999 /* MagicalRecord+Options.m */; };
		D0F48AF317B15285006D6999 /* MagicalRecord+Setup.m in Sources */ = {isa = PBXBuildFile; fileRef = D0F48ACF17B15285006D6999 /* MagicalRecord+Setup.m */; };
		D0F48AF417B15285006D6999 /* MagicalRecord+ShorthandSupport.m in Sources */ = {isa = PBXBuildFile; fileRef = D0F48AD117B15285006D6999 /* MagicalRecord+ShorthandSupport.m */; };
		D0F48AF517B15285006D6999 /* MagicalRecord.m in Sources */ = {isa = PBXBuildFile; fileRef = D0F48AD317B15285006D6999 /* MagicalRecord.m */; };
		D0F48AF617B15285006D6999 /* JASidePanelController.m in Sources */ = {isa = PBXBuildFile; fileRef = D0F48AD917B15285006D6999 /* JASidePanelController.m */; };
		D0F48AF717B15285006D6999 /* UIViewController+JASidePanel.m in Sources */ = {isa = PBXBuildFile; fileRef = D0F48ADB17B15285006D6999 /* UIViewController+JASidePanel.m */; };
		D0F48AF917B152A0006D6999 /* CoreData.framework in Frameworks */ = {isa = PBXBuildFile; fileRef = D0F48AF817B152A0006D6999 /* CoreData.framework */; };
		D0F48AFB17B15334006D6999 /* QuartzCore.framework in Frameworks */ = {isa = PBXBuildFile; fileRef = D0F48AFA17B15334006D6999 /* QuartzCore.framework */; };
		D0F48B0117B15421006D6999 /* netraViewController.m in Sources */ = {isa = PBXBuildFile; fileRef = D0F48B0017B15421006D6999 /* netraViewController.m */; };
		D0F48B0417B155A4006D6999 /* netraLeftViewController.m in Sources */ = {isa = PBXBuildFile; fileRef = D0F48B0317B155A4006D6999 /* netraLeftViewController.m */; };
		D0F48B0817B155C5006D6999 /* netraRightViewController.m in Sources */ = {isa = PBXBuildFile; fileRef = D0F48B0717B155C5006D6999 /* netraRightViewController.m */; };
/* End PBXBuildFile section */

/* Begin PBXFileReference section */
		D00B295A17B15DB90094AD3A /* navbar@2x.png */ = {isa = PBXFileReference; lastKnownFileType = image.png; path = "navbar@2x.png"; sourceTree = "<group>"; };
		D00B295F17B15FC80094AD3A /* newsCell.h */ = {isa = PBXFileReference; fileEncoding = 4; lastKnownFileType = sourcecode.c.h; path = newsCell.h; sourceTree = "<group>"; };
		D00B296017B15FC80094AD3A /* newsCell.m */ = {isa = PBXFileReference; fileEncoding = 4; lastKnownFileType = sourcecode.c.objc; path = newsCell.m; sourceTree = "<group>"; };
		D00B296217B15FD70094AD3A /* netra.h */ = {isa = PBXFileReference; fileEncoding = 4; lastKnownFileType = sourcecode.c.h; path = netra.h; sourceTree = "<group>"; };
		D00B296317B15FD70094AD3A /* netra.m */ = {isa = PBXFileReference; fileEncoding = 4; lastKnownFileType = sourcecode.c.objc; path = netra.m; sourceTree = "<group>"; };
		D01BDD2717AA1D76005396AF /* Simamaung.app */ = {isa = PBXFileReference; explicitFileType = wrapper.application; includeInIndex = 0; path = Simamaung.app; sourceTree = BUILT_PRODUCTS_DIR; };
		D01BDD2A17AA1D76005396AF /* UIKit.framework */ = {isa = PBXFileReference; lastKnownFileType = wrapper.framework; name = UIKit.framework; path = System/Library/Frameworks/UIKit.framework; sourceTree = SDKROOT; };
		D01BDD2C17AA1D76005396AF /* Foundation.framework */ = {isa = PBXFileReference; lastKnownFileType = wrapper.framework; name = Foundation.framework; path = System/Library/Frameworks/Foundation.framework; sourceTree = SDKROOT; };
		D01BDD2E17AA1D76005396AF /* CoreGraphics.framework */ = {isa = PBXFileReference; lastKnownFileType = wrapper.framework; name = CoreGraphics.framework; path = System/Library/Frameworks/CoreGraphics.framework; sourceTree = SDKROOT; };
		D01BDD3217AA1D76005396AF /* Simamaung-Info.plist */ = {isa = PBXFileReference; lastKnownFileType = text.plist.xml; path = "Simamaung-Info.plist"; sourceTree = "<group>"; };
		D01BDD3417AA1D76005396AF /* en */ = {isa = PBXFileReference; lastKnownFileType = text.plist.strings; name = en; path = en.lproj/InfoPlist.strings; sourceTree = "<group>"; };
		D01BDD3617AA1D76005396AF /* main.m */ = {isa = PBXFileReference; lastKnownFileType = sourcecode.c.objc; path = main.m; sourceTree = "<group>"; };
		D01BDD3817AA1D76005396AF /* Simamaung-Prefix.pch */ = {isa = PBXFileReference; lastKnownFileType = sourcecode.c.h; path = "Simamaung-Prefix.pch"; sourceTree = "<group>"; };
		D01BDD3917AA1D76005396AF /* netraAppDelegate.h */ = {isa = PBXFileReference; lastKnownFileType = sourcecode.c.h; path = netraAppDelegate.h; sourceTree = "<group>"; };
		D01BDD3A17AA1D76005396AF /* netraAppDelegate.m */ = {isa = PBXFileReference; lastKnownFileType = sourcecode.c.objc; path = netraAppDelegate.m; sourceTree = "<group>"; };
		D01BDD3C17AA1D76005396AF /* Default.png */ = {isa = PBXFileReference; lastKnownFileType = image.png; path = Default.png; sourceTree = "<group>"; };
		D01BDD3E17AA1D76005396AF /* Default@2x.png */ = {isa = PBXFileReference; lastKnownFileType = image.png; path = "Default@2x.png"; sourceTree = "<group>"; };
		D01BDD4017AA1D76005396AF /* Default-568h@2x.png */ = {isa = PBXFileReference; lastKnownFileType = image.png; path = "Default-568h@2x.png"; sourceTree = "<group>"; };
		D01BDD4717AA1F5F005396AF /* .gitignore */ = {isa = PBXFileReference; fileEncoding = 4; lastKnownFileType = text; path = .gitignore; sourceTree = "<group>"; };
		D01BDD4B17AA23E2005396AF /* AFHTTPClient.h */ = {isa = PBXFileReference; fileEncoding = 4; lastKnownFileType = sourcecode.c.h; path = AFHTTPClient.h; sourceTree = "<group>"; };
		D01BDD4C17AA23E2005396AF /* AFHTTPClient.m */ = {isa = PBXFileReference; fileEncoding = 4; lastKnownFileType = sourcecode.c.objc; path = AFHTTPClient.m; sourceTree = "<group>"; };
		D01BDD4D17AA23E2005396AF /* AFHTTPRequestOperation.h */ = {isa = PBXFileReference; fileEncoding = 4; lastKnownFileType = sourcecode.c.h; path = AFHTTPRequestOperation.h; sourceTree = "<group>"; };
		D01BDD4E17AA23E2005396AF /* AFHTTPRequestOperation.m */ = {isa = PBXFileReference; fileEncoding = 4; lastKnownFileType = sourcecode.c.objc; path = AFHTTPRequestOperation.m; sourceTree = "<group>"; };
		D01BDD4F17AA23E2005396AF /* AFImageRequestOperation.h */ = {isa = PBXFileReference; fileEncoding = 4; lastKnownFileType = sourcecode.c.h; path = AFImageRequestOperation.h; sourceTree = "<group>"; };
		D01BDD5017AA23E2005396AF /* AFImageRequestOperation.m */ = {isa = PBXFileReference; fileEncoding = 4; lastKnownFileType = sourcecode.c.objc; path = AFImageRequestOperation.m; sourceTree = "<group>"; };
		D01BDD5117AA23E2005396AF /* AFJSONRequestOperation.h */ = {isa = PBXFileReference; fileEncoding = 4; lastKnownFileType = sourcecode.c.h; path = AFJSONRequestOperation.h; sourceTree = "<group>"; };
		D01BDD5217AA23E2005396AF /* AFJSONRequestOperation.m */ = {isa = PBXFileReference; fileEncoding = 4; lastKnownFileType = sourcecode.c.objc; path = AFJSONRequestOperation.m; sourceTree = "<group>"; };
		D01BDD5317AA23E2005396AF /* AFNetworkActivityIndicatorManager.h */ = {isa = PBXFileReference; fileEncoding = 4; lastKnownFileType = sourcecode.c.h; path = AFNetworkActivityIndicatorManager.h; sourceTree = "<group>"; };
		D01BDD5417AA23E2005396AF /* AFNetworkActivityIndicatorManager.m */ = {isa = PBXFileReference; fileEncoding = 4; lastKnownFileType = sourcecode.c.objc; path = AFNetworkActivityIndicatorManager.m; sourceTree = "<group>"; };
		D01BDD5517AA23E2005396AF /* AFNetworking.h */ = {isa = PBXFileReference; fileEncoding = 4; lastKnownFileType = sourcecode.c.h; path = AFNetworking.h; sourceTree = "<group>"; };
		D01BDD5617AA23E2005396AF /* AFPropertyListRequestOperation.h */ = {isa = PBXFileReference; fileEncoding = 4; lastKnownFileType = sourcecode.c.h; path = AFPropertyListRequestOperation.h; sourceTree = "<group>"; };
		D01BDD5717AA23E2005396AF /* AFPropertyListRequestOperation.m */ = {isa = PBXFileReference; fileEncoding = 4; lastKnownFileType = sourcecode.c.objc; path = AFPropertyListRequestOperation.m; sourceTree = "<group>"; };
		D01BDD5817AA23E2005396AF /* AFURLConnectionOperation.h */ = {isa = PBXFileReference; fileEncoding = 4; lastKnownFileType = sourcecode.c.h; path = AFURLConnectionOperation.h; sourceTree = "<group>"; };
		D01BDD5917AA23E2005396AF /* AFURLConnectionOperation.m */ = {isa = PBXFileReference; fileEncoding = 4; lastKnownFileType = sourcecode.c.objc; path = AFURLConnectionOperation.m; sourceTree = "<group>"; };
		D01BDD5A17AA23E2005396AF /* AFXMLRequestOperation.h */ = {isa = PBXFileReference; fileEncoding = 4; lastKnownFileType = sourcecode.c.h; path = AFXMLRequestOperation.h; sourceTree = "<group>"; };
		D01BDD5B17AA23E2005396AF /* AFXMLRequestOperation.m */ = {isa = PBXFileReference; fileEncoding = 4; lastKnownFileType = sourcecode.c.objc; path = AFXMLRequestOperation.m; sourceTree = "<group>"; };
		D01BDD5C17AA23E2005396AF /* UIImageView+AFNetworking.h */ = {isa = PBXFileReference; fileEncoding = 4; lastKnownFileType = sourcecode.c.h; path = "UIImageView+AFNetworking.h"; sourceTree = "<group>"; };
		D01BDD5D17AA23E2005396AF /* UIImageView+AFNetworking.m */ = {isa = PBXFileReference; fileEncoding = 4; lastKnownFileType = sourcecode.c.objc; path = "UIImageView+AFNetworking.m"; sourceTree = "<group>"; };
		D01BDD6717AAAFDD005396AF /* Security.framework */ = {isa = PBXFileReference; lastKnownFileType = wrapper.framework; name = Security.framework; path = System/Library/Frameworks/Security.framework; sourceTree = SDKROOT; };
		D0ED98BE17AE182200198DE3 /* NetraJsonClient.h */ = {isa = PBXFileReference; fileEncoding = 4; lastKnownFileType = sourcecode.c.h; path = NetraJsonClient.h; sourceTree = "<group>"; };
		D0ED98BF17AE182200198DE3 /* NetraJsonClient.m */ = {isa = PBXFileReference; fileEncoding = 4; lastKnownFileType = sourcecode.c.objc; path = NetraJsonClient.m; sourceTree = "<group>"; };
		D0ED98C117AE1FE100198DE3 /* JsonObject.h */ = {isa = PBXFileReference; fileEncoding = 4; lastKnownFileType = sourcecode.c.h; path = JsonObject.h; sourceTree = "<group>"; };
		D0ED98C217AE1FE100198DE3 /* JsonObject.m */ = {isa = PBXFileReference; fileEncoding = 4; lastKnownFileType = sourcecode.c.objc; path = JsonObject.m; sourceTree = "<group>"; };
		D0F48A9D17B15285006D6999 /* MagicalImportFunctions.h */ = {isa = PBXFileReference; fileEncoding = 4; lastKnownFileType = sourcecode.c.h; path = MagicalImportFunctions.h; sourceTree = "<group>"; };
		D0F48A9E17B15285006D6999 /* MagicalImportFunctions.m */ = {isa = PBXFileReference; fileEncoding = 4; lastKnownFileType = sourcecode.c.objc; path = MagicalImportFunctions.m; sourceTree = "<group>"; };
		D0F48A9F17B15285006D6999 /* NSAttributeDescription+MagicalDataImport.h */ = {isa = PBXFileReference; fileEncoding = 4; lastKnownFileType = sourcecode.c.h; path = "NSAttributeDescription+MagicalDataImport.h"; sourceTree = "<group>"; };
		D0F48AA017B15285006D6999 /* NSAttributeDescription+MagicalDataImport.m */ = {isa = PBXFileReference; fileEncoding = 4; lastKnownFileType = sourcecode.c.objc; path = "NSAttributeDescription+MagicalDataImport.m"; sourceTree = "<group>"; };
		D0F48AA117B15285006D6999 /* NSEntityDescription+MagicalDataImport.h */ = {isa = PBXFileReference; fileEncoding = 4; lastKnownFileType = sourcecode.c.h; path = "NSEntityDescription+MagicalDataImport.h"; sourceTree = "<group>"; };
		D0F48AA217B15285006D6999 /* NSEntityDescription+MagicalDataImport.m */ = {isa = PBXFileReference; fileEncoding = 4; lastKnownFileType = sourcecode.c.objc; path = "NSEntityDescription+MagicalDataImport.m"; sourceTree = "<group>"; };
		D0F48AA317B15285006D6999 /* NSNumber+MagicalDataImport.h */ = {isa = PBXFileReference; fileEncoding = 4; lastKnownFileType = sourcecode.c.h; path = "NSNumber+MagicalDataImport.h"; sourceTree = "<group>"; };
		D0F48AA417B15285006D6999 /* NSNumber+MagicalDataImport.m */ = {isa = PBXFileReference; fileEncoding = 4; lastKnownFileType = sourcecode.c.objc; path = "NSNumber+MagicalDataImport.m"; sourceTree = "<group>"; };
		D0F48AA517B15285006D6999 /* NSObject+MagicalDataImport.h */ = {isa = PBXFileReference; fileEncoding = 4; lastKnownFileType = sourcecode.c.h; path = "NSObject+MagicalDataImport.h"; sourceTree = "<group>"; };
		D0F48AA617B15285006D6999 /* NSObject+MagicalDataImport.m */ = {isa = PBXFileReference; fileEncoding = 4; lastKnownFileType = sourcecode.c.objc; path = "NSObject+MagicalDataImport.m"; sourceTree = "<group>"; };
		D0F48AA717B15285006D6999 /* NSRelationshipDescription+MagicalDataImport.h */ = {isa = PBXFileReference; fileEncoding = 4; lastKnownFileType = sourcecode.c.h; path = "NSRelationshipDescription+MagicalDataImport.h"; sourceTree = "<group>"; };
		D0F48AA817B15285006D6999 /* NSRelationshipDescription+MagicalDataImport.m */ = {isa = PBXFileReference; fileEncoding = 4; lastKnownFileType = sourcecode.c.objc; path = "NSRelationshipDescription+MagicalDataImport.m"; sourceTree = "<group>"; };
		D0F48AA917B15285006D6999 /* NSString+MagicalDataImport.h */ = {isa = PBXFileReference; fileEncoding = 4; lastKnownFileType = sourcecode.c.h; path = "NSString+MagicalDataImport.h"; sourceTree = "<group>"; };
		D0F48AAA17B15285006D6999 /* NSString+MagicalDataImport.m */ = {isa = PBXFileReference; fileEncoding = 4; lastKnownFileType = sourcecode.c.objc; path = "NSString+MagicalDataImport.m"; sourceTree = "<group>"; };
		D0F48AAC17B15285006D6999 /* NSManagedObject+MagicalAggregation.h */ = {isa = PBXFileReference; fileEncoding = 4; lastKnownFileType = sourcecode.c.h; path = "NSManagedObject+MagicalAggregation.h"; sourceTree = "<group>"; };
		D0F48AAD17B15285006D6999 /* NSManagedObject+MagicalAggregation.m */ = {isa = PBXFileReference; fileEncoding = 4; lastKnownFileType = sourcecode.c.objc; path = "NSManagedObject+MagicalAggregation.m"; sourceTree = "<group>"; };
		D0F48AAE17B15285006D6999 /* NSManagedObject+MagicalDataImport.h */ = {isa = PBXFileReference; fileEncoding = 4; lastKnownFileType = sourcecode.c.h; path = "NSManagedObject+MagicalDataImport.h"; sourceTree = "<group>"; };
		D0F48AAF17B15285006D6999 /* NSManagedObject+MagicalDataImport.m */ = {isa = PBXFileReference; fileEncoding = 4; lastKnownFileType = sourcecode.c.objc; path = "NSManagedObject+MagicalDataImport.m"; sourceTree = "<group>"; };
		D0F48AB017B15285006D6999 /* NSManagedObject+MagicalFinders.h */ = {isa = PBXFileReference; fileEncoding = 4; lastKnownFileType = sourcecode.c.h; path = "NSManagedObject+MagicalFinders.h"; sourceTree = "<group>"; };
		D0F48AB117B15285006D6999 /* NSManagedObject+MagicalFinders.m */ = {isa = PBXFileReference; fileEncoding = 4; lastKnownFileType = sourcecode.c.objc; path = "NSManagedObject+MagicalFinders.m"; sourceTree = "<group>"; };
		D0F48AB217B15285006D6999 /* NSManagedObject+MagicalRecord.h */ = {isa = PBXFileReference; fileEncoding = 4; lastKnownFileType = sourcecode.c.h; path = "NSManagedObject+MagicalRecord.h"; sourceTree = "<group>"; };
		D0F48AB317B15285006D6999 /* NSManagedObject+MagicalRecord.m */ = {isa = PBXFileReference; fileEncoding = 4; lastKnownFileType = sourcecode.c.objc; path = "NSManagedObject+MagicalRecord.m"; sourceTree = "<group>"; };
		D0F48AB417B15285006D6999 /* NSManagedObject+MagicalRequests.h */ = {isa = PBXFileReference; fileEncoding = 4; lastKnownFileType = sourcecode.c.h; path = "NSManagedObject+MagicalRequests.h"; sourceTree = "<group>"; };
		D0F48AB517B15285006D6999 /* NSManagedObject+MagicalRequests.m */ = {isa = PBXFileReference; fileEncoding = 4; lastKnownFileType = sourcecode.c.objc; path = "NSManagedObject+MagicalRequests.m"; sourceTree = "<group>"; };
		D0F48AB717B15285006D6999 /* NSManagedObjectContext+MagicalObserving.h */ = {isa = PBXFileReference; fileEncoding = 4; lastKnownFileType = sourcecode.c.h; path = "NSManagedObjectContext+MagicalObserving.h"; sourceTree = "<group>"; };
		D0F48AB817B15285006D6999 /* NSManagedObjectContext+MagicalObserving.m */ = {isa = PBXFileReference; fileEncoding = 4; lastKnownFileType = sourcecode.c.objc; path = "NSManagedObjectContext+MagicalObserving.m"; sourceTree = "<group>"; };
		D0F48AB917B15285006D6999 /* NSManagedObjectContext+MagicalRecord.h */ = {isa = PBXFileReference; fileEncoding = 4; lastKnownFileType = sourcecode.c.h; path = "NSManagedObjectContext+MagicalRecord.h"; sourceTree = "<group>"; };
		D0F48ABA17B15285006D6999 /* NSManagedObjectContext+MagicalRecord.m */ = {isa = PBXFileReference; fileEncoding = 4; lastKnownFileType = sourcecode.c.objc; path = "NSManagedObjectContext+MagicalRecord.m"; sourceTree = "<group>"; };
		D0F48ABB17B15285006D6999 /* NSManagedObjectContext+MagicalSaves.h */ = {isa = PBXFileReference; fileEncoding = 4; lastKnownFileType = sourcecode.c.h; path = "NSManagedObjectContext+MagicalSaves.h"; sourceTree = "<group>"; };
		D0F48ABC17B15285006D6999 /* NSManagedObjectContext+MagicalSaves.m */ = {isa = PBXFileReference; fileEncoding = 4; lastKnownFileType = sourcecode.c.objc; path = "NSManagedObjectContext+MagicalSaves.m"; sourceTree = "<group>"; };
		D0F48ABD17B15285006D6999 /* NSManagedObjectContext+MagicalThreading.h */ = {isa = PBXFileReference; fileEncoding = 4; lastKnownFileType = sourcecode.c.h; path = "NSManagedObjectContext+MagicalThreading.h"; sourceTree = "<group>"; };
		D0F48ABE17B15285006D6999 /* NSManagedObjectContext+MagicalThreading.m */ = {isa = PBXFileReference; fileEncoding = 4; lastKnownFileType = sourcecode.c.objc; path = "NSManagedObjectContext+MagicalThreading.m"; sourceTree = "<group>"; };
		D0F48ABF17B15285006D6999 /* NSManagedObjectModel+MagicalRecord.h */ = {isa = PBXFileReference; fileEncoding = 4; lastKnownFileType = sourcecode.c.h; path = "NSManagedObjectModel+MagicalRecord.h"; sourceTree = "<group>"; };
		D0F48AC017B15285006D6999 /* NSManagedObjectModel+MagicalRecord.m */ = {isa = PBXFileReference; fileEncoding = 4; lastKnownFileType = sourcecode.c.objc; path = "NSManagedObjectModel+MagicalRecord.m"; sourceTree = "<group>"; };
		D0F48AC117B15285006D6999 /* NSPersistentStore+MagicalRecord.h */ = {isa = PBXFileReference; fileEncoding = 4; lastKnownFileType = sourcecode.c.h; path = "NSPersistentStore+MagicalRecord.h"; sourceTree = "<group>"; };
		D0F48AC217B15285006D6999 /* NSPersistentStore+MagicalRecord.m */ = {isa = PBXFileReference; fileEncoding = 4; lastKnownFileType = sourcecode.c.objc; path = "NSPersistentStore+MagicalRecord.m"; sourceTree = "<group>"; };
		D0F48AC317B15285006D6999 /* NSPersistentStoreCoordinator+MagicalRecord.h */ = {isa = PBXFileReference; fileEncoding = 4; lastKnownFileType = sourcecode.c.h; path = "NSPersistentStoreCoordinator+MagicalRecord.h"; sourceTree = "<group>"; };
		D0F48AC417B15285006D6999 /* NSPersistentStoreCoordinator+MagicalRecord.m */ = {isa = PBXFileReference; fileEncoding = 4; lastKnownFileType = sourcecode.c.objc; path = "NSPersistentStoreCoordinator+MagicalRecord.m"; sourceTree = "<group>"; };
		D0F48AC617B15285006D6999 /* MagicalRecord+Actions.h */ = {isa = PBXFileReference; fileEncoding = 4; lastKnownFileType = sourcecode.c.h; path = "MagicalRecord+Actions.h"; sourceTree = "<group>"; };
		D0F48AC717B15285006D6999 /* MagicalRecord+Actions.m */ = {isa = PBXFileReference; fileEncoding = 4; lastKnownFileType = sourcecode.c.objc; path = "MagicalRecord+Actions.m"; sourceTree = "<group>"; };
		D0F48AC817B15285006D6999 /* MagicalRecord+ErrorHandling.h */ = {isa = PBXFileReference; fileEncoding = 4; lastKnownFileType = sourcecode.c.h; path = "MagicalRecord+ErrorHandling.h"; sourceTree = "<group>"; };
		D0F48AC917B15285006D6999 /* MagicalRecord+ErrorHandling.m */ = {isa = PBXFileReference; fileEncoding = 4; lastKnownFileType = sourcecode.c.objc; path = "MagicalRecord+ErrorHandling.m"; sourceTree = "<group>"; };
		D0F48ACA17B15285006D6999 /* MagicalRecord+iCloud.h */ = {isa = PBXFileReference; fileEncoding = 4; lastKnownFileType = sourcecode.c.h; path = "MagicalRecord+iCloud.h"; sourceTree = "<group>"; };
		D0F48ACB17B15285006D6999 /* MagicalRecord+iCloud.m */ = {isa = PBXFileReference; fileEncoding = 4; lastKnownFileType = sourcecode.c.objc; path = "MagicalRecord+iCloud.m"; sourceTree = "<group>"; };
		D0F48ACC17B15285006D6999 /* MagicalRecord+Options.h */ = {isa = PBXFileReference; fileEncoding = 4; lastKnownFileType = sourcecode.c.h; path = "MagicalRecord+Options.h"; sourceTree = "<group>"; };
		D0F48ACD17B15285006D6999 /* MagicalRecord+Options.m */ = {isa = PBXFileReference; fileEncoding = 4; lastKnownFileType = sourcecode.c.objc; path = "MagicalRecord+Options.m"; sourceTree = "<group>"; };
		D0F48ACE17B15285006D6999 /* MagicalRecord+Setup.h */ = {isa = PBXFileReference; fileEncoding = 4; lastKnownFileType = sourcecode.c.h; path = "MagicalRecord+Setup.h"; sourceTree = "<group>"; };
		D0F48ACF17B15285006D6999 /* MagicalRecord+Setup.m */ = {isa = PBXFileReference; fileEncoding = 4; lastKnownFileType = sourcecode.c.objc; path = "MagicalRecord+Setup.m"; sourceTree = "<group>"; };
		D0F48AD017B15285006D6999 /* MagicalRecord+ShorthandSupport.h */ = {isa = PBXFileReference; fileEncoding = 4; lastKnownFileType = sourcecode.c.h; path = "MagicalRecord+ShorthandSupport.h"; sourceTree = "<group>"; };
		D0F48AD117B15285006D6999 /* MagicalRecord+ShorthandSupport.m */ = {isa = PBXFileReference; fileEncoding = 4; lastKnownFileType = sourcecode.c.objc; path = "MagicalRecord+ShorthandSupport.m"; sourceTree = "<group>"; };
		D0F48AD217B15285006D6999 /* MagicalRecord.h */ = {isa = PBXFileReference; fileEncoding = 4; lastKnownFileType = sourcecode.c.h; path = MagicalRecord.h; sourceTree = "<group>"; };
		D0F48AD317B15285006D6999 /* MagicalRecord.m */ = {isa = PBXFileReference; fileEncoding = 4; lastKnownFileType = sourcecode.c.objc; path = MagicalRecord.m; sourceTree = "<group>"; };
		D0F48AD417B15285006D6999 /* MagicalRecordShorthand.h */ = {isa = PBXFileReference; fileEncoding = 4; lastKnownFileType = sourcecode.c.h; path = MagicalRecordShorthand.h; sourceTree = "<group>"; };
		D0F48AD517B15285006D6999 /* CoreData+MagicalRecord.h */ = {isa = PBXFileReference; fileEncoding = 4; lastKnownFileType = sourcecode.c.h; path = "CoreData+MagicalRecord.h"; sourceTree = "<group>"; };
		D0F48AD817B15285006D6999 /* JASidePanelController.h */ = {isa = PBXFileReference; fileEncoding = 4; lastKnownFileType = sourcecode.c.h; path = JASidePanelController.h; sourceTree = "<group>"; };
		D0F48AD917B15285006D6999 /* JASidePanelController.m */ = {isa = PBXFileReference; fileEncoding = 4; lastKnownFileType = sourcecode.c.objc; path = JASidePanelController.m; sourceTree = "<group>"; };
		D0F48ADA17B15285006D6999 /* UIViewController+JASidePanel.h */ = {isa = PBXFileReference; fileEncoding = 4; lastKnownFileType = sourcecode.c.h; path = "UIViewController+JASidePanel.h"; sourceTree = "<group>"; };
		D0F48ADB17B15285006D6999 /* UIViewController+JASidePanel.m */ = {isa = PBXFileReference; fileEncoding = 4; lastKnownFileType = sourcecode.c.objc; path = "UIViewController+JASidePanel.m"; sourceTree = "<group>"; };
		D0F48AF817B152A0006D6999 /* CoreData.framework */ = {isa = PBXFileReference; lastKnownFileType = wrapper.framework; name = CoreData.framework; path = System/Library/Frameworks/CoreData.framework; sourceTree = SDKROOT; };
		D0F48AFA17B15334006D6999 /* QuartzCore.framework */ = {isa = PBXFileReference; lastKnownFileType = wrapper.framework; name = QuartzCore.framework; path = System/Library/Frameworks/QuartzCore.framework; sourceTree = SDKROOT; };
		D0F48AFF17B15421006D6999 /* netraViewController.h */ = {isa = PBXFileReference; fileEncoding = 4; lastKnownFileType = sourcecode.c.h; path = netraViewController.h; sourceTree = "<group>"; };
		D0F48B0017B15421006D6999 /* netraViewController.m */ = {isa = PBXFileReference; fileEncoding = 4; lastKnownFileType = sourcecode.c.objc; path = netraViewController.m; sourceTree = "<group>"; };
		D0F48B0217B155A4006D6999 /* netraLeftViewController.h */ = {isa = PBXFileReference; fileEncoding = 4; lastKnownFileType = sourcecode.c.h; path = netraLeftViewController.h; sourceTree = "<group>"; };
		D0F48B0317B155A4006D6999 /* netraLeftViewController.m */ = {isa = PBXFileReference; fileEncoding = 4; lastKnownFileType = sourcecode.c.objc; path = netraLeftViewController.m; sourceTree = "<group>"; };
		D0F48B0617B155C5006D6999 /* netraRightViewController.h */ = {isa = PBXFileReference; fileEncoding = 4; lastKnownFileType = sourcecode.c.h; path = netraRightViewController.h; sourceTree = "<group>"; };
		D0F48B0717B155C5006D6999 /* netraRightViewController.m */ = {isa = PBXFileReference; fileEncoding = 4; lastKnownFileType = sourcecode.c.objc; path = netraRightViewController.m; sourceTree = "<group>"; };
/* End PBXFileReference section */

/* Begin PBXFrameworksBuildPhase section */
		D01BDD2417AA1D76005396AF /* Frameworks */ = {
			isa = PBXFrameworksBuildPhase;
			buildActionMask = 2147483647;
			files = (
				D0F48AFB17B15334006D6999 /* QuartzCore.framework in Frameworks */,
				D0F48AF917B152A0006D6999 /* CoreData.framework in Frameworks */,
				D01BDD6817AAAFDD005396AF /* Security.framework in Frameworks */,
				D01BDD2B17AA1D76005396AF /* UIKit.framework in Frameworks */,
				D01BDD2D17AA1D76005396AF /* Foundation.framework in Frameworks */,
				D01BDD2F17AA1D76005396AF /* CoreGraphics.framework in Frameworks */,
			);
			runOnlyForDeploymentPostprocessing = 0;
		};
/* End PBXFrameworksBuildPhase section */

/* Begin PBXGroup section */
		D00B295C17B15FB20094AD3A /* common */ = {
			isa = PBXGroup;
			children = (
				D00B295D17B15FB20094AD3A /* cell */,
				D00B295E17B15FB20094AD3A /* netra */,
			);
			path = common;
			sourceTree = "<group>";
		};
		D00B295D17B15FB20094AD3A /* cell */ = {
			isa = PBXGroup;
			children = (
				D00B295F17B15FC80094AD3A /* newsCell.h */,
				D00B296017B15FC80094AD3A /* newsCell.m */,
			);
			path = cell;
			sourceTree = "<group>";
		};
		D00B295E17B15FB20094AD3A /* netra */ = {
			isa = PBXGroup;
			children = (
				D00B296217B15FD70094AD3A /* netra.h */,
				D00B296317B15FD70094AD3A /* netra.m */,
			);
			path = netra;
			sourceTree = "<group>";
		};
		D01BDD1E17AA1D76005396AF = {
			isa = PBXGroup;
			children = (
				D0F48AFA17B15334006D6999 /* QuartzCore.framework */,
				D0F48AF817B152A0006D6999 /* CoreData.framework */,
				D01BDD4717AA1F5F005396AF /* .gitignore */,
				D01BDD3017AA1D76005396AF /* Simamaung */,
				D01BDD2917AA1D76005396AF /* Frameworks */,
				D01BDD2817AA1D76005396AF /* Products */,
			);
			sourceTree = "<group>";
		};
		D01BDD2817AA1D76005396AF /* Products */ = {
			isa = PBXGroup;
			children = (
				D01BDD2717AA1D76005396AF /* Simamaung.app */,
			);
			name = Products;
			sourceTree = "<group>";
		};
		D01BDD2917AA1D76005396AF /* Frameworks */ = {
			isa = PBXGroup;
			children = (
				D01BDD6717AAAFDD005396AF /* Security.framework */,
				D01BDD2A17AA1D76005396AF /* UIKit.framework */,
				D01BDD2C17AA1D76005396AF /* Foundation.framework */,
				D01BDD2E17AA1D76005396AF /* CoreGraphics.framework */,
			);
			name = Frameworks;
			sourceTree = "<group>";
		};
		D01BDD3017AA1D76005396AF /* Simamaung */ = {
			isa = PBXGroup;
			children = (
				D0F48B0917B15B06006D6999 /* img */,
				D0ED98BB17AE177A00198DE3 /* models */,
				D0ED98BC17AE177A00198DE3 /* view */,
				D01BDD4917AA23E2005396AF /* library */,
				D01BDD3917AA1D76005396AF /* netraAppDelegate.h */,
				D01BDD3A17AA1D76005396AF /* netraAppDelegate.m */,
				D01BDD3117AA1D76005396AF /* Supporting Files */,
			);
			path = Simamaung;
			sourceTree = "<group>";
		};
		D01BDD3117AA1D76005396AF /* Supporting Files */ = {
			isa = PBXGroup;
			children = (
				D01BDD3217AA1D76005396AF /* Simamaung-Info.plist */,
				D01BDD3317AA1D76005396AF /* InfoPlist.strings */,
				D01BDD3617AA1D76005396AF /* main.m */,
				D01BDD3817AA1D76005396AF /* Simamaung-Prefix.pch */,
				D01BDD3C17AA1D76005396AF /* Default.png */,
				D01BDD3E17AA1D76005396AF /* Default@2x.png */,
				D01BDD4017AA1D76005396AF /* Default-568h@2x.png */,
			);
			name = "Supporting Files";
			sourceTree = "<group>";
		};
		D01BDD4917AA23E2005396AF /* library */ = {
			isa = PBXGroup;
			children = (
				D00B295C17B15FB20094AD3A /* common */,
				D0F48A9717B15285006D6999 /* Analytics */,
				D0F48A9817B15285006D6999 /* socMed */,
				D0F48A9917B15285006D6999 /* storage */,
				D0F48AD617B15285006D6999 /* ui */,
				D0ED98BA17AE177300198DE3 /* Helper */,
				D01BDD4A17AA23E2005396AF /* AFNetworking */,
			);
			path = library;
			sourceTree = "<group>";
		};
		D01BDD4A17AA23E2005396AF /* AFNetworking */ = {
			isa = PBXGroup;
			children = (
				D01BDD4B17AA23E2005396AF /* AFHTTPClient.h */,
				D01BDD4C17AA23E2005396AF /* AFHTTPClient.m */,
				D01BDD4D17AA23E2005396AF /* AFHTTPRequestOperation.h */,
				D01BDD4E17AA23E2005396AF /* AFHTTPRequestOperation.m */,
				D01BDD4F17AA23E2005396AF /* AFImageRequestOperation.h */,
				D01BDD5017AA23E2005396AF /* AFImageRequestOperation.m */,
				D01BDD5117AA23E2005396AF /* AFJSONRequestOperation.h */,
				D01BDD5217AA23E2005396AF /* AFJSONRequestOperation.m */,
				D01BDD5317AA23E2005396AF /* AFNetworkActivityIndicatorManager.h */,
				D01BDD5417AA23E2005396AF /* AFNetworkActivityIndicatorManager.m */,
				D01BDD5517AA23E2005396AF /* AFNetworking.h */,
				D01BDD5617AA23E2005396AF /* AFPropertyListRequestOperation.h */,
				D01BDD5717AA23E2005396AF /* AFPropertyListRequestOperation.m */,
				D01BDD5817AA23E2005396AF /* AFURLConnectionOperation.h */,
				D01BDD5917AA23E2005396AF /* AFURLConnectionOperation.m */,
				D01BDD5A17AA23E2005396AF /* AFXMLRequestOperation.h */,
				D01BDD5B17AA23E2005396AF /* AFXMLRequestOperation.m */,
				D01BDD5C17AA23E2005396AF /* UIImageView+AFNetworking.h */,
				D01BDD5D17AA23E2005396AF /* UIImageView+AFNetworking.m */,
			);
			path = AFNetworking;
			sourceTree = "<group>";
		};
		D0ED98BA17AE177300198DE3 /* Helper */ = {
			isa = PBXGroup;
			children = (
				D0ED98BD17AE17BA00198DE3 /* Parser */,
			);
			path = Helper;
			sourceTree = "<group>";
		};
		D0ED98BB17AE177A00198DE3 /* models */ = {
			isa = PBXGroup;
			children = (
				D0ED98C117AE1FE100198DE3 /* JsonObject.h */,
				D0ED98C217AE1FE100198DE3 /* JsonObject.m */,
			);
			path = models;
			sourceTree = "<group>";
		};
		D0ED98BC17AE177A00198DE3 /* view */ = {
			isa = PBXGroup;
			children = (
				D0F48B0517B155B3006D6999 /* right */,
				D0F48AFC17B15406006D6999 /* center */,
				D0F48AFE17B15406006D6999 /* left */,
			);
			path = view;
			sourceTree = "<group>";
		};
		D0ED98BD17AE17BA00198DE3 /* Parser */ = {
			isa = PBXGroup;
			children = (
				D0ED98BE17AE182200198DE3 /* NetraJsonClient.h */,
				D0ED98BF17AE182200198DE3 /* NetraJsonClient.m */,
			);
			path = Parser;
			sourceTree = "<group>";
		};
		D0F48A9717B15285006D6999 /* Analytics */ = {
			isa = PBXGroup;
			children = (
			);
			path = Analytics;
			sourceTree = "<group>";
		};
		D0F48A9817B15285006D6999 /* socMed */ = {
			isa = PBXGroup;
			children = (
			);
			path = socMed;
			sourceTree = "<group>";
		};
		D0F48A9917B15285006D6999 /* storage */ = {
			isa = PBXGroup;
			children = (
				D0F48A9A17B15285006D6999 /* MagicalRecord */,
			);
			path = storage;
			sourceTree = "<group>";
		};
		D0F48A9A17B15285006D6999 /* MagicalRecord */ = {
			isa = PBXGroup;
			children = (
				D0F48A9B17B15285006D6999 /* Categories */,
				D0F48AC517B15285006D6999 /* Core */,
				D0F48AD517B15285006D6999 /* CoreData+MagicalRecord.h */,
			);
			path = MagicalRecord;
			sourceTree = "<group>";
		};
		D0F48A9B17B15285006D6999 /* Categories */ = {
			isa = PBXGroup;
			children = (
				D0F48A9C17B15285006D6999 /* DataImport */,
				D0F48AAB17B15285006D6999 /* NSManagedObject */,
				D0F48AB617B15285006D6999 /* NSManagedObjectContext */,
				D0F48ABF17B15285006D6999 /* NSManagedObjectModel+MagicalRecord.h */,
				D0F48AC017B15285006D6999 /* NSManagedObjectModel+MagicalRecord.m */,
				D0F48AC117B15285006D6999 /* NSPersistentStore+MagicalRecord.h */,
				D0F48AC217B15285006D6999 /* NSPersistentStore+MagicalRecord.m */,
				D0F48AC317B15285006D6999 /* NSPersistentStoreCoordinator+MagicalRecord.h */,
				D0F48AC417B15285006D6999 /* NSPersistentStoreCoordinator+MagicalRecord.m */,
			);
			path = Categories;
			sourceTree = "<group>";
		};
		D0F48A9C17B15285006D6999 /* DataImport */ = {
			isa = PBXGroup;
			children = (
				D0F48A9D17B15285006D6999 /* MagicalImportFunctions.h */,
				D0F48A9E17B15285006D6999 /* MagicalImportFunctions.m */,
				D0F48A9F17B15285006D6999 /* NSAttributeDescription+MagicalDataImport.h */,
				D0F48AA017B15285006D6999 /* NSAttributeDescription+MagicalDataImport.m */,
				D0F48AA117B15285006D6999 /* NSEntityDescription+MagicalDataImport.h */,
				D0F48AA217B15285006D6999 /* NSEntityDescription+MagicalDataImport.m */,
				D0F48AA317B15285006D6999 /* NSNumber+MagicalDataImport.h */,
				D0F48AA417B15285006D6999 /* NSNumber+MagicalDataImport.m */,
				D0F48AA517B15285006D6999 /* NSObject+MagicalDataImport.h */,
				D0F48AA617B15285006D6999 /* NSObject+MagicalDataImport.m */,
				D0F48AA717B15285006D6999 /* NSRelationshipDescription+MagicalDataImport.h */,
				D0F48AA817B15285006D6999 /* NSRelationshipDescription+MagicalDataImport.m */,
				D0F48AA917B15285006D6999 /* NSString+MagicalDataImport.h */,
				D0F48AAA17B15285006D6999 /* NSString+MagicalDataImport.m */,
			);
			path = DataImport;
			sourceTree = "<group>";
		};
		D0F48AAB17B15285006D6999 /* NSManagedObject */ = {
			isa = PBXGroup;
			children = (
				D0F48AAC17B15285006D6999 /* NSManagedObject+MagicalAggregation.h */,
				D0F48AAD17B15285006D6999 /* NSManagedObject+MagicalAggregation.m */,
				D0F48AAE17B15285006D6999 /* NSManagedObject+MagicalDataImport.h */,
				D0F48AAF17B15285006D6999 /* NSManagedObject+MagicalDataImport.m */,
				D0F48AB017B15285006D6999 /* NSManagedObject+MagicalFinders.h */,
				D0F48AB117B15285006D6999 /* NSManagedObject+MagicalFinders.m */,
				D0F48AB217B15285006D6999 /* NSManagedObject+MagicalRecord.h */,
				D0F48AB317B15285006D6999 /* NSManagedObject+MagicalRecord.m */,
				D0F48AB417B15285006D6999 /* NSManagedObject+MagicalRequests.h */,
				D0F48AB517B15285006D6999 /* NSManagedObject+MagicalRequests.m */,
			);
			path = NSManagedObject;
			sourceTree = "<group>";
		};
		D0F48AB617B15285006D6999 /* NSManagedObjectContext */ = {
			isa = PBXGroup;
			children = (
				D0F48AB717B15285006D6999 /* NSManagedObjectContext+MagicalObserving.h */,
				D0F48AB817B15285006D6999 /* NSManagedObjectContext+MagicalObserving.m */,
				D0F48AB917B15285006D6999 /* NSManagedObjectContext+MagicalRecord.h */,
				D0F48ABA17B15285006D6999 /* NSManagedObjectContext+MagicalRecord.m */,
				D0F48ABB17B15285006D6999 /* NSManagedObjectContext+MagicalSaves.h */,
				D0F48ABC17B15285006D6999 /* NSManagedObjectContext+MagicalSaves.m */,
				D0F48ABD17B15285006D6999 /* NSManagedObjectContext+MagicalThreading.h */,
				D0F48ABE17B15285006D6999 /* NSManagedObjectContext+MagicalThreading.m */,
			);
			path = NSManagedObjectContext;
			sourceTree = "<group>";
		};
		D0F48AC517B15285006D6999 /* Core */ = {
			isa = PBXGroup;
			children = (
				D0F48AC617B15285006D6999 /* MagicalRecord+Actions.h */,
				D0F48AC717B15285006D6999 /* MagicalRecord+Actions.m */,
				D0F48AC817B15285006D6999 /* MagicalRecord+ErrorHandling.h */,
				D0F48AC917B15285006D6999 /* MagicalRecord+ErrorHandling.m */,
				D0F48ACA17B15285006D6999 /* MagicalRecord+iCloud.h */,
				D0F48ACB17B15285006D6999 /* MagicalRecord+iCloud.m */,
				D0F48ACC17B15285006D6999 /* MagicalRecord+Options.h */,
				D0F48ACD17B15285006D6999 /* MagicalRecord+Options.m */,
				D0F48ACE17B15285006D6999 /* MagicalRecord+Setup.h */,
				D0F48ACF17B15285006D6999 /* MagicalRecord+Setup.m */,
				D0F48AD017B15285006D6999 /* MagicalRecord+ShorthandSupport.h */,
				D0F48AD117B15285006D6999 /* MagicalRecord+ShorthandSupport.m */,
				D0F48AD217B15285006D6999 /* MagicalRecord.h */,
				D0F48AD317B15285006D6999 /* MagicalRecord.m */,
				D0F48AD417B15285006D6999 /* MagicalRecordShorthand.h */,
			);
			path = Core;
			sourceTree = "<group>";
		};
		D0F48AD617B15285006D6999 /* ui */ = {
			isa = PBXGroup;
			children = (
				D0F48AD717B15285006D6999 /* Source */,
			);
			path = ui;
			sourceTree = "<group>";
		};
		D0F48AD717B15285006D6999 /* Source */ = {
			isa = PBXGroup;
			children = (
				D0F48AD817B15285006D6999 /* JASidePanelController.h */,
				D0F48AD917B15285006D6999 /* JASidePanelController.m */,
				D0F48ADA17B15285006D6999 /* UIViewController+JASidePanel.h */,
				D0F48ADB17B15285006D6999 /* UIViewController+JASidePanel.m */,
			);
			path = Source;
			sourceTree = "<group>";
		};
		D0F48AFC17B15406006D6999 /* center */ = {
			isa = PBXGroup;
			children = (
				D0F48AFD17B15406006D6999 /* content */,
			);
			path = center;
			sourceTree = "<group>";
		};
		D0F48AFD17B15406006D6999 /* content */ = {
			isa = PBXGroup;
			children = (
				D0F48AFF17B15421006D6999 /* netraViewController.h */,
				D0F48B0017B15421006D6999 /* netraViewController.m */,
			);
			path = content;
			sourceTree = "<group>";
		};
		D0F48AFE17B15406006D6999 /* left */ = {
			isa = PBXGroup;
			children = (
				D0F48B0217B155A4006D6999 /* netraLeftViewController.h */,
				D0F48B0317B155A4006D6999 /* netraLeftViewController.m */,
			);
			path = left;
			sourceTree = "<group>";
		};
		D0F48B0517B155B3006D6999 /* right */ = {
			isa = PBXGroup;
			children = (
				D0F48B0617B155C5006D6999 /* netraRightViewController.h */,
				D0F48B0717B155C5006D6999 /* netraRightViewController.m */,
			);
			path = right;
			sourceTree = "<group>";
		};
		D0F48B0917B15B06006D6999 /* img */ = {
			isa = PBXGroup;
			children = (
				D00B295A17B15DB90094AD3A /* navbar@2x.png */,
			);
			path = img;
			sourceTree = "<group>";
		};
/* End PBXGroup section */

/* Begin PBXNativeTarget section */
		D01BDD2617AA1D76005396AF /* Simamaung */ = {
			isa = PBXNativeTarget;
			buildConfigurationList = D01BDD4417AA1D76005396AF /* Build configuration list for PBXNativeTarget "Simamaung" */;
			buildPhases = (
				D01BDD2317AA1D76005396AF /* Sources */,
				D01BDD2417AA1D76005396AF /* Frameworks */,
				D01BDD2517AA1D76005396AF /* Resources */,
			);
			buildRules = (
			);
			dependencies = (
			);
			name = Simamaung;
			productName = Simamaung;
			productReference = D01BDD2717AA1D76005396AF /* Simamaung.app */;
			productType = "com.apple.product-type.application";
		};
/* End PBXNativeTarget section */

/* Begin PBXProject section */
		D01BDD1F17AA1D76005396AF /* Project object */ = {
			isa = PBXProject;
			attributes = {
				CLASSPREFIX = netra;
				LastUpgradeCheck = 0460;
				ORGANIZATIONNAME = netra;
			};
			buildConfigurationList = D01BDD2217AA1D76005396AF /* Build configuration list for PBXProject "Simamaung" */;
			compatibilityVersion = "Xcode 3.2";
			developmentRegion = English;
			hasScannedForEncodings = 0;
			knownRegions = (
				en,
			);
			mainGroup = D01BDD1E17AA1D76005396AF;
			productRefGroup = D01BDD2817AA1D76005396AF /* Products */;
			projectDirPath = "";
			projectRoot = "";
			targets = (
				D01BDD2617AA1D76005396AF /* Simamaung */,
			);
		};
/* End PBXProject section */

/* Begin PBXResourcesBuildPhase section */
		D01BDD2517AA1D76005396AF /* Resources */ = {
			isa = PBXResourcesBuildPhase;
			buildActionMask = 2147483647;
			files = (
				D01BDD3517AA1D76005396AF /* InfoPlist.strings in Resources */,
				D01BDD3D17AA1D76005396AF /* Default.png in Resources */,
				D01BDD3F17AA1D76005396AF /* Default@2x.png in Resources */,
				D01BDD4117AA1D76005396AF /* Default-568h@2x.png in Resources */,
				D01BDD4817AA1F5F005396AF /* .gitignore in Resources */,
				D00B295B17B15DB90094AD3A /* navbar@2x.png in Resources */,
			);
			runOnlyForDeploymentPostprocessing = 0;
		};
/* End PBXResourcesBuildPhase section */

/* Begin PBXSourcesBuildPhase section */
		D01BDD2317AA1D76005396AF /* Sources */ = {
			isa = PBXSourcesBuildPhase;
			buildActionMask = 2147483647;
			files = (
				D01BDD3717AA1D76005396AF /* main.m in Sources */,
				D01BDD3B17AA1D76005396AF /* netraAppDelegate.m in Sources */,
				D01BDD5E17AA23E2005396AF /* AFHTTPClient.m in Sources */,
				D01BDD5F17AA23E2005396AF /* AFHTTPRequestOperation.m in Sources */,
				D01BDD6017AA23E2005396AF /* AFImageRequestOperation.m in Sources */,
				D01BDD6117AA23E2005396AF /* AFJSONRequestOperation.m in Sources */,
				D01BDD6217AA23E2005396AF /* AFNetworkActivityIndicatorManager.m in Sources */,
				D01BDD6317AA23E2005396AF /* AFPropertyListRequestOperation.m in Sources */,
				D01BDD6417AA23E2005396AF /* AFURLConnectionOperation.m in Sources */,
				D01BDD6517AA23E2005396AF /* AFXMLRequestOperation.m in Sources */,
				D01BDD6617AA23E2005396AF /* UIImageView+AFNetworking.m in Sources */,
				D0ED98C017AE182200198DE3 /* NetraJsonClient.m in Sources */,
				D0ED98C317AE1FE100198DE3 /* JsonObject.m in Sources */,
				D0F48ADC17B15285006D6999 /* MagicalImportFunctions.m in Sources */,
				D0F48ADD17B15285006D6999 /* NSAttributeDescription+MagicalDataImport.m in Sources */,
				D0F48ADE17B15285006D6999 /* NSEntityDescription+MagicalDataImport.m in Sources */,
				D0F48ADF17B15285006D6999 /* NSNumber+MagicalDataImport.m in Sources */,
				D0F48AE017B15285006D6999 /* NSObject+MagicalDataImport.m in Sources */,
				D0F48AE117B15285006D6999 /* NSRelationshipDescription+MagicalDataImport.m in Sources */,
				D0F48AE217B15285006D6999 /* NSString+MagicalDataImport.m in Sources */,
				D0F48AE317B15285006D6999 /* NSManagedObject+MagicalAggregation.m in Sources */,
				D0F48AE417B15285006D6999 /* NSManagedObject+MagicalDataImport.m in Sources */,
				D0F48AE517B15285006D6999 /* NSManagedObject+MagicalFinders.m in Sources */,
				D0F48AE617B15285006D6999 /* NSManagedObject+MagicalRecord.m in Sources */,
				D0F48AE717B15285006D6999 /* NSManagedObject+MagicalRequests.m in Sources */,
				D0F48AE817B15285006D6999 /* NSManagedObjectContext+MagicalObserving.m in Sources */,
				D0F48AE917B15285006D6999 /* NSManagedObjectContext+MagicalRecord.m in Sources */,
				D0F48AEA17B15285006D6999 /* NSManagedObjectContext+MagicalSaves.m in Sources */,
				D0F48AEB17B15285006D6999 /* NSManagedObjectContext+MagicalThreading.m in Sources */,
				D0F48AEC17B15285006D6999 /* NSManagedObjectModel+MagicalRecord.m in Sources */,
				D0F48AED17B15285006D6999 /* NSPersistentStore+MagicalRecord.m in Sources */,
				D0F48AEE17B15285006D6999 /* NSPersistentStoreCoordinator+MagicalRecord.m in Sources */,
				D0F48AEF17B15285006D6999 /* MagicalRecord+Actions.m in Sources */,
				D0F48AF017B15285006D6999 /* MagicalRecord+ErrorHandling.m in Sources */,
				D0F48AF117B15285006D6999 /* MagicalRecord+iCloud.m in Sources */,
				D0F48AF217B15285006D6999 /* MagicalRecord+Options.m in Sources */,
				D0F48AF317B15285006D6999 /* MagicalRecord+Setup.m in Sources */,
				D0F48AF417B15285006D6999 /* MagicalRecord+ShorthandSupport.m in Sources */,
				D0F48AF517B15285006D6999 /* MagicalRecord.m in Sources */,
				D0F48AF617B15285006D6999 /* JASidePanelController.m in Sources */,
				D0F48AF717B15285006D6999 /* UIViewController+JASidePanel.m in Sources */,
				D0F48B0117B15421006D6999 /* netraViewController.m in Sources */,
				D0F48B0417B155A4006D6999 /* netraLeftViewController.m in Sources */,
				D0F48B0817B155C5006D6999 /* netraRightViewController.m in Sources */,
				D00B296117B15FC80094AD3A /* newsCell.m in Sources */,
				D00B296417B15FD70094AD3A /* netra.m in Sources */,
			);
			runOnlyForDeploymentPostprocessing = 0;
		};
/* End PBXSourcesBuildPhase section */

/* Begin PBXVariantGroup section */
		D01BDD3317AA1D76005396AF /* InfoPlist.strings */ = {
			isa = PBXVariantGroup;
			children = (
				D01BDD3417AA1D76005396AF /* en */,
			);
			name = InfoPlist.strings;
			sourceTree = "<group>";
		};
/* End PBXVariantGroup section */

/* Begin XCBuildConfiguration section */
		D01BDD4217AA1D76005396AF /* Debug */ = {
			isa = XCBuildConfiguration;
			buildSettings = {
				ALWAYS_SEARCH_USER_PATHS = NO;
				CLANG_CXX_LANGUAGE_STANDARD = "gnu++0x";
				CLANG_CXX_LIBRARY = "libc++";
				CLANG_ENABLE_OBJC_ARC = YES;
				CLANG_WARN_CONSTANT_CONVERSION = YES;
				CLANG_WARN_EMPTY_BODY = YES;
				CLANG_WARN_ENUM_CONVERSION = YES;
				CLANG_WARN_INT_CONVERSION = YES;
				CLANG_WARN__DUPLICATE_METHOD_MATCH = YES;
				"CODE_SIGN_IDENTITY[sdk=iphoneos*]" = "iPhone Developer";
				COPY_PHASE_STRIP = NO;
				GCC_C_LANGUAGE_STANDARD = gnu99;
				GCC_DYNAMIC_NO_PIC = NO;
				GCC_OPTIMIZATION_LEVEL = 0;
				GCC_PREPROCESSOR_DEFINITIONS = (
					"DEBUG=1",
					"$(inherited)",
				);
				GCC_SYMBOLS_PRIVATE_EXTERN = NO;
				GCC_WARN_ABOUT_RETURN_TYPE = YES;
				GCC_WARN_UNINITIALIZED_AUTOS = YES;
				GCC_WARN_UNUSED_VARIABLE = YES;
				IPHONEOS_DEPLOYMENT_TARGET = 6.1;
				ONLY_ACTIVE_ARCH = YES;
				SDKROOT = iphoneos;
			};
			name = Debug;
		};
		D01BDD4317AA1D76005396AF /* Release */ = {
			isa = XCBuildConfiguration;
			buildSettings = {
				ALWAYS_SEARCH_USER_PATHS = NO;
				CLANG_CXX_LANGUAGE_STANDARD = "gnu++0x";
				CLANG_CXX_LIBRARY = "libc++";
				CLANG_ENABLE_OBJC_ARC = YES;
				CLANG_WARN_CONSTANT_CONVERSION = YES;
				CLANG_WARN_EMPTY_BODY = YES;
				CLANG_WARN_ENUM_CONVERSION = YES;
				CLANG_WARN_INT_CONVERSION = YES;
				CLANG_WARN__DUPLICATE_METHOD_MATCH = YES;
				"CODE_SIGN_IDENTITY[sdk=iphoneos*]" = "iPhone Developer";
				COPY_PHASE_STRIP = YES;
				GCC_C_LANGUAGE_STANDARD = gnu99;
				GCC_WARN_ABOUT_RETURN_TYPE = YES;
				GCC_WARN_UNINITIALIZED_AUTOS = YES;
				GCC_WARN_UNUSED_VARIABLE = YES;
				IPHONEOS_DEPLOYMENT_TARGET = 6.1;
				OTHER_CFLAGS = "-DNS_BLOCK_ASSERTIONS=1";
				SDKROOT = iphoneos;
				VALIDATE_PRODUCT = YES;
			};
			name = Release;
		};
		D01BDD4517AA1D76005396AF /* Debug */ = {
			isa = XCBuildConfiguration;
			buildSettings = {
				GCC_PRECOMPILE_PREFIX_HEADER = YES;
				GCC_PREFIX_HEADER = "Simamaung/Simamaung-Prefix.pch";
				INFOPLIST_FILE = "Simamaung/Simamaung-Info.plist";
				PRODUCT_NAME = "$(TARGET_NAME)";
				WRAPPER_EXTENSION = app;
			};
			name = Debug;
		};
		D01BDD4617AA1D76005396AF /* Release */ = {
			isa = XCBuildConfiguration;
			buildSettings = {
				GCC_PRECOMPILE_PREFIX_HEADER = YES;
				GCC_PREFIX_HEADER = "Simamaung/Simamaung-Prefix.pch";
				INFOPLIST_FILE = "Simamaung/Simamaung-Info.plist";
				PRODUCT_NAME = "$(TARGET_NAME)";
				WRAPPER_EXTENSION = app;
			};
			name = Release;
		};
/* End XCBuildConfiguration section */

/* Begin XCConfigurationList section */
		D01BDD2217AA1D76005396AF /* Build configuration list for PBXProject "Simamaung" */ = {
			isa = XCConfigurationList;
			buildConfigurations = (
				D01BDD4217AA1D76005396AF /* Debug */,
				D01BDD4317AA1D76005396AF /* Release */,
			);
			defaultConfigurationIsVisible = 0;
			defaultConfigurationName = Release;
		};
		D01BDD4417AA1D76005396AF /* Build configuration list for PBXNativeTarget "Simamaung" */ = {
			isa = XCConfigurationList;
			buildConfigurations = (
				D01BDD4517AA1D76005396AF /* Debug */,
				D01BDD4617AA1D76005396AF /* Release */,
			);
			defaultConfigurationIsVisible = 0;
			defaultConfigurationName = Release;
		};
/* End XCConfigurationList section */
	};
	rootObject = D01BDD1F17AA1D76005396AF /* Project object */;
}
